
Microsoft Visual Studio Solution File, Format Version 12.00
# Visual Studio Version 16
VisualStudioVersion = 16.0.29905.134
MinimumVisualStudioVersion = 10.0.40219.1
Project("{FAE04EC0-301F-11D3-BF4B-00C04F79EFBC}") = "triangulo", "triangulo\triangulo.csproj", "{79A9CB0F-57F5-4DCF-9E01-69F0F07374DC}"
EndProject
Global
	GlobalSection(SolutionConfigurationPlatforms) = preSolution
		Debug|Any CPU = Debug|Any CPU
		Release|Any CPU = Release|Any CPU
	EndGlobalSection
	GlobalSection(ProjectConfigurationPlatforms) = postSolution
		{79A9CB0F-57F5-4DCF-9E01-69F0F07374DC}.Debug|Any CPU.ActiveCfg = Debug|Any CPU
		{79A9CB0F-57F5-4DCF-9E01-69F0F07374DC}.Debug|Any CPU.Build.0 = Debug|Any CPU
		{79A9CB0F-57F5-4DCF-9E01-69F0F07374DC}.Release|Any CPU.ActiveCfg = Release|Any CPU
		{79A9CB0F-57F5-4DCF-9E01-69F0F07374DC}.Release|Any CPU.Build.0 = Release|Any CPU
	EndGlobalSection
	GlobalSection(SolutionProperties) = preSolution
		HideSolutionNode = FALSE
	EndGlobalSection
	GlobalSection(ExtensibilityGlobals) = postSolution
		SolutionGuid = {1F6DC181-DED1-44AA-8F8B-DBA5E4B42D84}
	EndGlobalSection
EndGlobal
