
Microsoft Visual Studio Solution File, Format Version 12.00
# Visual Studio Version 16
VisualStudioVersion = 16.0.29905.134
MinimumVisualStudioVersion = 10.0.40219.1
Project("{FAE04EC0-301F-11D3-BF4B-00C04F79EFBC}") = "PesoIdeal", "PesoIdeal\PesoIdeal.csproj", "{7E31A23E-0996-4A34-A625-2B513B51FE1E}"
EndProject
Global
	GlobalSection(SolutionConfigurationPlatforms) = preSolution
		Debug|Any CPU = Debug|Any CPU
		Release|Any CPU = Release|Any CPU
	EndGlobalSection
	GlobalSection(ProjectConfigurationPlatforms) = postSolution
		{7E31A23E-0996-4A34-A625-2B513B51FE1E}.Debug|Any CPU.ActiveCfg = Debug|Any CPU
		{7E31A23E-0996-4A34-A625-2B513B51FE1E}.Debug|Any CPU.Build.0 = Debug|Any CPU
		{7E31A23E-0996-4A34-A625-2B513B51FE1E}.Release|Any CPU.ActiveCfg = Release|Any CPU
		{7E31A23E-0996-4A34-A625-2B513B51FE1E}.Release|Any CPU.Build.0 = Release|Any CPU
	EndGlobalSection
	GlobalSection(SolutionProperties) = preSolution
		HideSolutionNode = FALSE
	EndGlobalSection
	GlobalSection(ExtensibilityGlobals) = postSolution
		SolutionGuid = {1B3DBBE6-1F07-483D-9316-65CAEE66EE34}
	EndGlobalSection
EndGlobal
